[{<<"cowboy">>,
  {git,"git@github.com:ninenines/cowboy.git",
       {ref,"8d634d0ff4ea1ca744a8a789aa5edf6682e8cd87"}},
  0},
 {<<"cowlib">>,
  {git,"https://github.com/ninenines/cowlib",
       {ref,"b1ca51bc78d9e974014e70b820c9296db4ecb4f1"}},
  1},
 {<<"gpb">>,
  {git,"git@github.com:tomas-abrahamsson/gpb.git",
       {ref,"af849598939958852d41cc04491e5fac7b2750a7"}},
  0},
 {<<"ranch">>,
  {git,"https://github.com/ninenines/ranch",
       {ref,"cbe24f6fb9833474b22a06fc22cb1a8f168f7fbc"}},
  1}].
